{
    "name": "com.jakinventions.vocalrec",
    "version": "1.0.0",
    "lockfileVersion": 1,
    "requires": true,
    "dependencies": {
        "cordova-plugin-speechrecognition": {
            "version": "1.2.0",
            "resolved": "https://registry.npmjs.org/cordova-plugin-speechrecognition/-/cordova-plugin-speechrecognition-1.2.0.tgz",
            "integrity": "sha1-AF8QyJb9kpPYWH/lUiorZC3qlwo="
        },
        "cordova-plugin-whitelist": {
            "version": "1.3.3",
            "resolved": "https://registry.npmjs.org/cordova-plugin-whitelist/-/cordova-plugin-whitelist-1.3.3.tgz",
            "integrity": "sha1-tehezbv+Wu3tQKG/TuI3LmfZb7Q=",
            "dev": true
        }
    }
}
